
Microsoft Visual Studio Solution File, Format Version 12.00
# Visual Studio 15
VisualStudioVersion = 15.0.27130.2010
MinimumVisualStudioVersion = 10.0.40219.1
Project("{FAE04EC0-301F-11D3-BF4B-00C04F79EFBC}") = "DAX.CIM.NetSamScada.XMLSchemas", "DAX.CIM.NetSamScada.XMLSchemas\DAX.CIM.NetSamScada.XMLSchemas.csproj", "{6C253ADB-6B01-45F0-8D6C-85DC337E42A5}"
EndProject
Project("{FAE04EC0-301F-11D3-BF4B-00C04F79EFBC}") = "DAX.CIM.NetSamScada.EquipmentXmlWriter", "DAX.CIM.NetSamScada.EquipmentXmlWriter\DAX.CIM.NetSamScada.EquipmentXmlWriter.csproj", "{F6F51F94-81CA-4913-B4C8-CF153F59D5B7}"
EndProject
Project("{FAE04EC0-301F-11D3-BF4B-00C04F79EFBC}") = "DAX.CIM.NetSamScada.EquipmentXmlWriter.Tests", "DAX.CIM.NetSamScada.EquipmentXmlWriter.Tests\DAX.CIM.NetSamScada.EquipmentXmlWriter.Tests.csproj", "{FC5DC9D8-65D7-456C-BED2-C85265C07AA4}"
EndProject
Global
	GlobalSection(SolutionConfigurationPlatforms) = preSolution
		Debug|Any CPU = Debug|Any CPU
		Release|Any CPU = Release|Any CPU
	EndGlobalSection
	GlobalSection(ProjectConfigurationPlatforms) = postSolution
		{6C253ADB-6B01-45F0-8D6C-85DC337E42A5}.Debug|Any CPU.ActiveCfg = Debug|Any CPU
		{6C253ADB-6B01-45F0-8D6C-85DC337E42A5}.Debug|Any CPU.Build.0 = Debug|Any CPU
		{6C253ADB-6B01-45F0-8D6C-85DC337E42A5}.Release|Any CPU.ActiveCfg = Release|Any CPU
		{6C253ADB-6B01-45F0-8D6C-85DC337E42A5}.Release|Any CPU.Build.0 = Release|Any CPU
		{F6F51F94-81CA-4913-B4C8-CF153F59D5B7}.Debug|Any CPU.ActiveCfg = Debug|Any CPU
		{F6F51F94-81CA-4913-B4C8-CF153F59D5B7}.Debug|Any CPU.Build.0 = Debug|Any CPU
		{F6F51F94-81CA-4913-B4C8-CF153F59D5B7}.Release|Any CPU.ActiveCfg = Release|Any CPU
		{F6F51F94-81CA-4913-B4C8-CF153F59D5B7}.Release|Any CPU.Build.0 = Release|Any CPU
		{FC5DC9D8-65D7-456C-BED2-C85265C07AA4}.Debug|Any CPU.ActiveCfg = Debug|Any CPU
		{FC5DC9D8-65D7-456C-BED2-C85265C07AA4}.Debug|Any CPU.Build.0 = Debug|Any CPU
		{FC5DC9D8-65D7-456C-BED2-C85265C07AA4}.Release|Any CPU.ActiveCfg = Release|Any CPU
		{FC5DC9D8-65D7-456C-BED2-C85265C07AA4}.Release|Any CPU.Build.0 = Release|Any CPU
	EndGlobalSection
	GlobalSection(SolutionProperties) = preSolution
		HideSolutionNode = FALSE
	EndGlobalSection
	GlobalSection(ExtensibilityGlobals) = postSolution
		SolutionGuid = {7D0B60C1-0CFC-4014-B6AD-69FC7FD2BF99}
	EndGlobalSection
EndGlobal
