
Microsoft Visual Studio Solution File, Format Version 12.00
# Visual Studio 14
VisualStudioVersion = 14.0.25123.0
MinimumVisualStudioVersion = 10.0.40219.1
Project("{FAE04EC0-301F-11D3-BF4B-00C04F79EFBC}") = "DAX.CIM.NetSamScada.XMLSchemas", "DAX.CIM.NetSamScada.XMLSchemas\DAX.CIM.NetSamScada.XMLSchemas.csproj", "{6C253ADB-6B01-45F0-8D6C-85DC337E42A5}"
EndProject
Project("{FAE04EC0-301F-11D3-BF4B-00C04F79EFBC}") = "DAX.CIM.NetSamScada.EquipmentXmlWriter", "DAX.CIM.NetSamScada.EquipmentXmlWriter\DAX.CIM.NetSamScada.EquipmentXmlWriter.csproj", "{F6F51F94-81CA-4913-B4C8-CF153F59D5B7}"
EndProject
Project("{FAE04EC0-301F-11D3-BF4B-00C04F79EFBC}") = "DAX.CIM.NetSamScada.EquipmentXmlWriter.Tests", "DAX.CIM.NetSamScada.EquipmentXmlWriter.Tests\DAX.CIM.NetSamScada.EquipmentXmlWriter.Tests.csproj", "{FC5DC9D8-65D7-456C-BED2-C85265C07AA4}"
EndProject
Project("{FAE04EC0-301F-11D3-BF4B-00C04F79EFBC}") = "DAX.CIM.PhysicalNetworkModel.Traversal", "..\DAX.CIM.CoreModels\DAX.CIM.PhysicalNetworkModel.Traversal\DAX.CIM.PhysicalNetworkModel.Traversal.csproj", "{2FE2E018-B583-4561-A141-44A71FEFB352}"
EndProject
Project("{FAE04EC0-301F-11D3-BF4B-00C04F79EFBC}") = "DAX.CIM.PhysicalNetworkModel.LineInfo", "..\DAX.CIM.CoreModels\DAX.CIM.PhysicalNetworkModel.LineInfo\DAX.CIM.PhysicalNetworkModel.LineInfo.csproj", "{DF457603-7CBD-45B8-BE11-F1D52F43CEDC}"
EndProject
Global
	GlobalSection(SolutionConfigurationPlatforms) = preSolution
		Debug|Any CPU = Debug|Any CPU
		Release|Any CPU = Release|Any CPU
	EndGlobalSection
	GlobalSection(ProjectConfigurationPlatforms) = postSolution
		{6C253ADB-6B01-45F0-8D6C-85DC337E42A5}.Debug|Any CPU.ActiveCfg = Debug|Any CPU
		{6C253ADB-6B01-45F0-8D6C-85DC337E42A5}.Debug|Any CPU.Build.0 = Debug|Any CPU
		{6C253ADB-6B01-45F0-8D6C-85DC337E42A5}.Release|Any CPU.ActiveCfg = Release|Any CPU
		{6C253ADB-6B01-45F0-8D6C-85DC337E42A5}.Release|Any CPU.Build.0 = Release|Any CPU
		{F6F51F94-81CA-4913-B4C8-CF153F59D5B7}.Debug|Any CPU.ActiveCfg = Debug|Any CPU
		{F6F51F94-81CA-4913-B4C8-CF153F59D5B7}.Debug|Any CPU.Build.0 = Debug|Any CPU
		{F6F51F94-81CA-4913-B4C8-CF153F59D5B7}.Release|Any CPU.ActiveCfg = Release|Any CPU
		{F6F51F94-81CA-4913-B4C8-CF153F59D5B7}.Release|Any CPU.Build.0 = Release|Any CPU
		{FC5DC9D8-65D7-456C-BED2-C85265C07AA4}.Debug|Any CPU.ActiveCfg = Debug|Any CPU
		{FC5DC9D8-65D7-456C-BED2-C85265C07AA4}.Debug|Any CPU.Build.0 = Debug|Any CPU
		{FC5DC9D8-65D7-456C-BED2-C85265C07AA4}.Release|Any CPU.ActiveCfg = Release|Any CPU
		{FC5DC9D8-65D7-456C-BED2-C85265C07AA4}.Release|Any CPU.Build.0 = Release|Any CPU
		{2FE2E018-B583-4561-A141-44A71FEFB352}.Debug|Any CPU.ActiveCfg = Debug|Any CPU
		{2FE2E018-B583-4561-A141-44A71FEFB352}.Debug|Any CPU.Build.0 = Debug|Any CPU
		{2FE2E018-B583-4561-A141-44A71FEFB352}.Release|Any CPU.ActiveCfg = Release|Any CPU
		{2FE2E018-B583-4561-A141-44A71FEFB352}.Release|Any CPU.Build.0 = Release|Any CPU
		{DF457603-7CBD-45B8-BE11-F1D52F43CEDC}.Debug|Any CPU.ActiveCfg = Debug|Any CPU
		{DF457603-7CBD-45B8-BE11-F1D52F43CEDC}.Debug|Any CPU.Build.0 = Debug|Any CPU
		{DF457603-7CBD-45B8-BE11-F1D52F43CEDC}.Release|Any CPU.ActiveCfg = Release|Any CPU
		{DF457603-7CBD-45B8-BE11-F1D52F43CEDC}.Release|Any CPU.Build.0 = Release|Any CPU
	EndGlobalSection
	GlobalSection(SolutionProperties) = preSolution
		HideSolutionNode = FALSE
	EndGlobalSection
EndGlobal
